
Microsoft Visual Studio Solution File, Format Version 10.00
# Visual Studio 2008
Project("{2857B73E-F847-4B02-9238-064979017E93}") = "CPlusPlusPlayground", "CPlusPlusPlayground.cproj", "{5E0CA113-C2A4-4970-9670-AE2B1696616A}"
EndProject
Global
	GlobalSection(SolutionConfigurationPlatforms) = preSolution
		Debug|Any CPU = Debug|Any CPU
		Release|Any CPU = Release|Any CPU
	EndGlobalSection
	GlobalSection(ProjectConfigurationPlatforms) = postSolution
		{5E0CA113-C2A4-4970-9670-AE2B1696616A}.Debug|Any CPU.ActiveCfg = Debug|Any CPU
		{5E0CA113-C2A4-4970-9670-AE2B1696616A}.Debug|Any CPU.Build.0 = Debug|Any CPU
		{5E0CA113-C2A4-4970-9670-AE2B1696616A}.Release|Any CPU.ActiveCfg = Release|Any CPU
		{5E0CA113-C2A4-4970-9670-AE2B1696616A}.Release|Any CPU.Build.0 = Release|Any CPU
	EndGlobalSection
	GlobalSection(MonoDevelopProperties) = preSolution
		StartupItem = CPlusPlusPlayground.cproj
	EndGlobalSection
EndGlobal
